
Microsoft Visual Studio Solution File, Format Version 12.00
# Visual Studio Version 16
VisualStudioVersion = 16.0.29609.76
MinimumVisualStudioVersion = 10.0.40219.1
Project("{2150E333-8FDC-42A3-9474-1A3956D46DE8}") = "Solution Items", "Solution Items", "{E5F8708E-5EA5-453F-A94E-8F0CD9D1B5AA}"
EndProject
Project("{9A19103F-16F7-4668-BE54-9A1E7A4F7556}") = "Nethereum.eShop", "Nethereum.eShop\Nethereum.eShop.csproj", "{BA120028-FA8C-4EBD-8F2B-161F0C16A38C}"
EndProject
Project("{9A19103F-16F7-4668-BE54-9A1E7A4F7556}") = "Web", "Web\Web.csproj", "{F01D9C50-41B3-4975-AF7C-E6E5D4F24337}"
EndProject
Project("{2150E333-8FDC-42A3-9474-1A3956D46DE8}") = "utils", "utils", "{11EFE1E8-51CF-4528-BC17-545478FE3BD0}"
EndProject
Project("{9A19103F-16F7-4668-BE54-9A1E7A4F7556}") = "Books.ImportUtil", "utils\Books.ImportUtil\Books.ImportUtil.csproj", "{3A6E7DC1-79B8-41DE-B9AD-A5E60F7C9CA7}"
EndProject
Project("{9A19103F-16F7-4668-BE54-9A1E7A4F7556}") = "Nethereum.Commerce.Contracts", "contracts\Nethereum.Commerce.Contracts\Nethereum.Commerce.Contracts.csproj", "{C22EF243-52C6-4976-8ADE-5504B40A37C3}"
EndProject
Project("{2150E333-8FDC-42A3-9474-1A3956D46DE8}") = "contracts", "contracts", "{5CC42B8D-582C-47C1-814A-E12B75FAC69E}"
EndProject
Project("{9A19103F-16F7-4668-BE54-9A1E7A4F7556}") = "Nethereum.Commerce.ContractDeployments.IntegrationTests", "contracts\Nethereum.Commerce.ContractDeployments.IntegrationTests\Nethereum.Commerce.ContractDeployments.IntegrationTests.csproj", "{0281AF81-6DB5-48C4-9137-671D5E95E958}"
EndProject
Project("{9A19103F-16F7-4668-BE54-9A1E7A4F7556}") = "WebJobs", "WebJobs\WebJobs.csproj", "{C817D513-88E9-4721-A1EA-57EFE0FABCD5}"
EndProject
Project("{9A19103F-16F7-4668-BE54-9A1E7A4F7556}") = "Nethereum.eShop.SqlServer", "Nethereum.eShop.SqlServer\Nethereum.eShop.SqlServer.csproj", "{658EAD99-D587-4105-9743-8DF2722858EA}"
EndProject
Project("{9A19103F-16F7-4668-BE54-9A1E7A4F7556}") = "Nethereum.eShop.InMemory", "Nethereum.eShop.InMemory\Nethereum.eShop.InMemory.csproj", "{D7C0A1E5-3867-46AE-86F3-1436E514001B}"
EndProject
Project("{9A19103F-16F7-4668-BE54-9A1E7A4F7556}") = "Nethereum.eShop.EntityFramework", "Nethereum.eShop.EntityFramework\Nethereum.eShop.EntityFramework.csproj", "{EEE22A14-93DE-4F3D-BE2F-748F40CD2706}"
EndProject
Project("{2150E333-8FDC-42A3-9474-1A3956D46DE8}") = "data", "data", "{8ABF2EF8-3DBE-4F90-A681-9CBAF211EA6D}"
EndProject
Project("{2150E333-8FDC-42A3-9474-1A3956D46DE8}") = "core", "core", "{757AB3ED-223F-45A7-8B6F-8BDA2CEB1EA2}"
EndProject
Project("{2150E333-8FDC-42A3-9474-1A3956D46DE8}") = "apps", "apps", "{826D820C-C91E-4FBC-804E-1773C372CCA3}"
EndProject
Project("{FAE04EC0-301F-11D3-BF4B-00C04F79EFBC}") = "Nethereum.eShop.Sqlite", "Nethereum.eShop.Sqlite\Nethereum.eShop.Sqlite.csproj", "{2914543B-FDB7-46A0-BB4D-A192765D4072}"
EndProject
Project("{FAE04EC0-301F-11D3-BF4B-00C04F79EFBC}") = "Nethereum.eShop.DbFactory", "Nethereum.eShop.DbFactory\Nethereum.eShop.DbFactory.csproj", "{173B3ACF-DB6E-497C-B778-4BBEB53EFA3A}"
EndProject
Project("{FAE04EC0-301F-11D3-BF4B-00C04F79EFBC}") = "Nethereum.eShop.SqlServer.Migrations", "Nethereum.eShop.SqlServer.Migrations\Nethereum.eShop.SqlServer.Migrations.csproj", "{7EEE2B5F-BD20-4CF3-AD7A-4814BDA23523}"
EndProject
Global
	GlobalSection(SolutionConfigurationPlatforms) = preSolution
		Debug|Any CPU = Debug|Any CPU
		Release|Any CPU = Release|Any CPU
	EndGlobalSection
	GlobalSection(ProjectConfigurationPlatforms) = postSolution
		{BA120028-FA8C-4EBD-8F2B-161F0C16A38C}.Debug|Any CPU.ActiveCfg = Debug|Any CPU
		{BA120028-FA8C-4EBD-8F2B-161F0C16A38C}.Debug|Any CPU.Build.0 = Debug|Any CPU
		{BA120028-FA8C-4EBD-8F2B-161F0C16A38C}.Release|Any CPU.ActiveCfg = Release|Any CPU
		{BA120028-FA8C-4EBD-8F2B-161F0C16A38C}.Release|Any CPU.Build.0 = Release|Any CPU
		{F01D9C50-41B3-4975-AF7C-E6E5D4F24337}.Debug|Any CPU.ActiveCfg = Debug|Any CPU
		{F01D9C50-41B3-4975-AF7C-E6E5D4F24337}.Debug|Any CPU.Build.0 = Debug|Any CPU
		{F01D9C50-41B3-4975-AF7C-E6E5D4F24337}.Release|Any CPU.ActiveCfg = Release|Any CPU
		{F01D9C50-41B3-4975-AF7C-E6E5D4F24337}.Release|Any CPU.Build.0 = Release|Any CPU
		{3A6E7DC1-79B8-41DE-B9AD-A5E60F7C9CA7}.Debug|Any CPU.ActiveCfg = Debug|Any CPU
		{3A6E7DC1-79B8-41DE-B9AD-A5E60F7C9CA7}.Debug|Any CPU.Build.0 = Debug|Any CPU
		{3A6E7DC1-79B8-41DE-B9AD-A5E60F7C9CA7}.Release|Any CPU.ActiveCfg = Release|Any CPU
		{3A6E7DC1-79B8-41DE-B9AD-A5E60F7C9CA7}.Release|Any CPU.Build.0 = Release|Any CPU
		{C22EF243-52C6-4976-8ADE-5504B40A37C3}.Debug|Any CPU.ActiveCfg = Debug|Any CPU
		{C22EF243-52C6-4976-8ADE-5504B40A37C3}.Debug|Any CPU.Build.0 = Debug|Any CPU
		{C22EF243-52C6-4976-8ADE-5504B40A37C3}.Release|Any CPU.ActiveCfg = Release|Any CPU
		{C22EF243-52C6-4976-8ADE-5504B40A37C3}.Release|Any CPU.Build.0 = Release|Any CPU
		{0281AF81-6DB5-48C4-9137-671D5E95E958}.Debug|Any CPU.ActiveCfg = Debug|Any CPU
		{0281AF81-6DB5-48C4-9137-671D5E95E958}.Debug|Any CPU.Build.0 = Debug|Any CPU
		{0281AF81-6DB5-48C4-9137-671D5E95E958}.Release|Any CPU.ActiveCfg = Release|Any CPU
		{0281AF81-6DB5-48C4-9137-671D5E95E958}.Release|Any CPU.Build.0 = Release|Any CPU
		{C817D513-88E9-4721-A1EA-57EFE0FABCD5}.Debug|Any CPU.ActiveCfg = Debug|Any CPU
		{C817D513-88E9-4721-A1EA-57EFE0FABCD5}.Debug|Any CPU.Build.0 = Debug|Any CPU
		{C817D513-88E9-4721-A1EA-57EFE0FABCD5}.Release|Any CPU.ActiveCfg = Release|Any CPU
		{C817D513-88E9-4721-A1EA-57EFE0FABCD5}.Release|Any CPU.Build.0 = Release|Any CPU
		{658EAD99-D587-4105-9743-8DF2722858EA}.Debug|Any CPU.ActiveCfg = Debug|Any CPU
		{658EAD99-D587-4105-9743-8DF2722858EA}.Debug|Any CPU.Build.0 = Debug|Any CPU
		{658EAD99-D587-4105-9743-8DF2722858EA}.Release|Any CPU.ActiveCfg = Release|Any CPU
		{658EAD99-D587-4105-9743-8DF2722858EA}.Release|Any CPU.Build.0 = Release|Any CPU
		{D7C0A1E5-3867-46AE-86F3-1436E514001B}.Debug|Any CPU.ActiveCfg = Debug|Any CPU
		{D7C0A1E5-3867-46AE-86F3-1436E514001B}.Debug|Any CPU.Build.0 = Debug|Any CPU
		{D7C0A1E5-3867-46AE-86F3-1436E514001B}.Release|Any CPU.ActiveCfg = Release|Any CPU
		{D7C0A1E5-3867-46AE-86F3-1436E514001B}.Release|Any CPU.Build.0 = Release|Any CPU
		{EEE22A14-93DE-4F3D-BE2F-748F40CD2706}.Debug|Any CPU.ActiveCfg = Debug|Any CPU
		{EEE22A14-93DE-4F3D-BE2F-748F40CD2706}.Debug|Any CPU.Build.0 = Debug|Any CPU
		{EEE22A14-93DE-4F3D-BE2F-748F40CD2706}.Release|Any CPU.ActiveCfg = Release|Any CPU
		{EEE22A14-93DE-4F3D-BE2F-748F40CD2706}.Release|Any CPU.Build.0 = Release|Any CPU
		{2914543B-FDB7-46A0-BB4D-A192765D4072}.Debug|Any CPU.ActiveCfg = Debug|Any CPU
		{2914543B-FDB7-46A0-BB4D-A192765D4072}.Debug|Any CPU.Build.0 = Debug|Any CPU
		{2914543B-FDB7-46A0-BB4D-A192765D4072}.Release|Any CPU.ActiveCfg = Release|Any CPU
		{2914543B-FDB7-46A0-BB4D-A192765D4072}.Release|Any CPU.Build.0 = Release|Any CPU
		{173B3ACF-DB6E-497C-B778-4BBEB53EFA3A}.Debug|Any CPU.ActiveCfg = Debug|Any CPU
		{173B3ACF-DB6E-497C-B778-4BBEB53EFA3A}.Debug|Any CPU.Build.0 = Debug|Any CPU
		{173B3ACF-DB6E-497C-B778-4BBEB53EFA3A}.Release|Any CPU.ActiveCfg = Release|Any CPU
		{173B3ACF-DB6E-497C-B778-4BBEB53EFA3A}.Release|Any CPU.Build.0 = Release|Any CPU
		{7EEE2B5F-BD20-4CF3-AD7A-4814BDA23523}.Debug|Any CPU.ActiveCfg = Debug|Any CPU
		{7EEE2B5F-BD20-4CF3-AD7A-4814BDA23523}.Debug|Any CPU.Build.0 = Debug|Any CPU
		{7EEE2B5F-BD20-4CF3-AD7A-4814BDA23523}.Release|Any CPU.ActiveCfg = Release|Any CPU
		{7EEE2B5F-BD20-4CF3-AD7A-4814BDA23523}.Release|Any CPU.Build.0 = Release|Any CPU
	EndGlobalSection
	GlobalSection(SolutionProperties) = preSolution
		HideSolutionNode = FALSE
	EndGlobalSection
	GlobalSection(NestedProjects) = preSolution
		{BA120028-FA8C-4EBD-8F2B-161F0C16A38C} = {757AB3ED-223F-45A7-8B6F-8BDA2CEB1EA2}
		{F01D9C50-41B3-4975-AF7C-E6E5D4F24337} = {826D820C-C91E-4FBC-804E-1773C372CCA3}
		{3A6E7DC1-79B8-41DE-B9AD-A5E60F7C9CA7} = {11EFE1E8-51CF-4528-BC17-545478FE3BD0}
		{C22EF243-52C6-4976-8ADE-5504B40A37C3} = {5CC42B8D-582C-47C1-814A-E12B75FAC69E}
		{0281AF81-6DB5-48C4-9137-671D5E95E958} = {5CC42B8D-582C-47C1-814A-E12B75FAC69E}
		{C817D513-88E9-4721-A1EA-57EFE0FABCD5} = {826D820C-C91E-4FBC-804E-1773C372CCA3}
		{658EAD99-D587-4105-9743-8DF2722858EA} = {8ABF2EF8-3DBE-4F90-A681-9CBAF211EA6D}
		{D7C0A1E5-3867-46AE-86F3-1436E514001B} = {8ABF2EF8-3DBE-4F90-A681-9CBAF211EA6D}
		{EEE22A14-93DE-4F3D-BE2F-748F40CD2706} = {8ABF2EF8-3DBE-4F90-A681-9CBAF211EA6D}
		{2914543B-FDB7-46A0-BB4D-A192765D4072} = {8ABF2EF8-3DBE-4F90-A681-9CBAF211EA6D}
		{173B3ACF-DB6E-497C-B778-4BBEB53EFA3A} = {8ABF2EF8-3DBE-4F90-A681-9CBAF211EA6D}
		{7EEE2B5F-BD20-4CF3-AD7A-4814BDA23523} = {8ABF2EF8-3DBE-4F90-A681-9CBAF211EA6D}
	EndGlobalSection
	GlobalSection(ExtensibilityGlobals) = postSolution
		SolutionGuid = {8BEA2189-D111-472E-BA29-993E206C6CE3}
	EndGlobalSection
EndGlobal
